<?xml version="1.0" encoding="utf-8"?>
<Project ToolsVersion="4.0" xmlns="http://schemas.microsoft.com/developer/msbuild/2003">
  <ItemGroup>
    <Filter Include="Source Files">
      <UniqueIdentifier>{4FC737F1-C7A5-4376-A066-2A32D752A2FF}</UniqueIdentifier>
      <Extensions>cpp;c;cc;cxx;def;odl;idl;hpj;bat;asm;asmx</Extensions>
    </Filter>
    <Filter Include="Header Files">
      <UniqueIdentifier>{93995380-89BD-4b04-88EB-625FBE52EBFB}</UniqueIdentifier>
      <Extensions>h;hh;hpp;hxx;hm;inl;inc;xsd</Extensions>
    </Filter>
    <Filter Include="Resource Files">
      <UniqueIdentifier>{67DA6AB6-F800-4c08-8B7A-83BB121AAD01}</UniqueIdentifier>
      <Extensions>rc;ico;cur;bmp;dlg;rc2;rct;bin;rgs;gif;jpg;jpeg;jpe;resx;tiff;tif;png;wav;mfcribbon-ms</Extensions>
    </Filter>
    <Filter Include="Pictures">
      <UniqueIdentifier>{8259f4e3-597d-41c4-8264-86d0e1d77160}</UniqueIdentifier>
    </Filter>
    <Filter Include="Images">
      <UniqueIdentifier>{e088cb85-b912-4e9a-bc0b-ea2c2ff7dfbc}</UniqueIdentifier>
    </Filter>
    <Filter Include="Images\PlayersSelection">
      <UniqueIdentifier>{dce0c0d8-d5b0-4c14-b462-c22f92f825a7}</UniqueIdentifier>
    </Filter>
    <Filter Include="Images\AISettings">
      <UniqueIdentifier>{63077d9d-94c5-40af-8dfb-498af4cdc1c5}</UniqueIdentifier>
    </Filter>
    <Filter Include="Images\tools">
      <UniqueIdentifier>{59997700-bb9c-457e-add3-6e638b9948bd}</UniqueIdentifier>
    </Filter>
  </ItemGroup>
  <ItemGroup>
    <ClInclude Include="Chess.h">
      <Filter>Header Files</Filter>
    </ClInclude>
    <ClInclude Include="ChessHelp.h">
      <Filter>Header Files</Filter>
    </ClInclude>
    <ClInclude Include="Console.h">
      <Filter>Header Files</Filter>
    </ClInclude>
    <ClInclude Include="minimax.h">
      <Filter>Header Files</Filter>
    </ClInclude>
    <ClInclude Include="fileHandle.h">
      <Filter>Header Files</Filter>
    </ClInclude>
    <ClInclude Include="gui.h">
      <Filter>Header Files</Filter>
    </ClInclude>
    <ClInclude Include="resource.h">
      <Filter>Header Files</Filter>
    </ClInclude>
  </ItemGroup>
  <ItemGroup>
    <ClCompile Include="minimax.c">
      <Filter>Source Files</Filter>
    </ClCompile>
    <ClCompile Include="chessHelp.c">
      <Filter>Source Files</Filter>
    </ClCompile>
    <ClCompile Include="fileHandle.c">
      <Filter>Source Files</Filter>
    </ClCompile>
    <ClCompile Include="Chess.c">
      <Filter>Source Files</Filter>
    </ClCompile>
    <ClCompile Include="GameConsole.c">
      <Filter>Source Files</Filter>
    </ClCompile>
    <ClCompile Include="gui.c">
      <Filter>Source Files</Filter>
    </ClCompile>
    <ClCompile Include="guiLogic.c">
      <Filter>Source Files</Filter>
    </ClCompile>
    <ClCompile Include="chessprog.c">
      <Filter>Source Files</Filter>
    </ClCompile>
  </ItemGroup>
  <ItemGroup>
    <Image Include="images\LoadGame.bmp">
      <Filter>Images</Filter>
    </Image>
    <Image Include="images\Quit.bmp">
      <Filter>Images</Filter>
    </Image>
    <Image Include="images\NewGame.bmp">
      <Filter>Images</Filter>
    </Image>
    <Image Include="..\..\..\..\..\..\Users\shiran\Desktop\project\images\init_board.bmp">
      <Filter>Images</Filter>
    </Image>
    <Image Include="images\darkRect.png">
      <Filter>Images</Filter>
    </Image>
    <Image Include="images\lightRect.bmp">
      <Filter>Images</Filter>
    </Image>
    <Image Include="images\lightRect.png">
      <Filter>Images</Filter>
    </Image>
    <Image Include="images\darkRect.bmp">
      <Filter>Images</Filter>
    </Image>
    <Image Include="images\chesslogo.bmp">
      <Filter>Images</Filter>
    </Image>
    <Image Include="images\mainMenu.bmp">
      <Filter>Images</Filter>
    </Image>
    <Image Include="images\saveGame.bmp">
      <Filter>Images</Filter>
    </Image>
    <Image Include="images\next.bmp">
      <Filter>Images\PlayersSelection</Filter>
    </Image>
    <Image Include="images\nextPlayer.bmp">
      <Filter>Images\PlayersSelection</Filter>
    </Image>
    <Image Include="images\gameMode.bmp">
      <Filter>Images\PlayersSelection</Filter>
    </Image>
    <Image Include="images\boardSettings.bmp">
      <Filter>Images\PlayersSelection</Filter>
    </Image>
    <Image Include="images\cancel.bmp">
      <Filter>Images\PlayersSelection</Filter>
    </Image>
    <Image Include="images\PlayersSelection\title1.bmp">
      <Filter>Images\PlayersSelection</Filter>
    </Image>
    <Image Include="images\PlayersSelection\playComH.bmp">
      <Filter>Images\PlayersSelection</Filter>
    </Image>
    <Image Include="images\PlayersSelection\twoPlayersH.bmp">
      <Filter>Images\PlayersSelection</Filter>
    </Image>
    <Image Include="images\PlayersSelection\blackMark.bmp">
      <Filter>Images\PlayersSelection</Filter>
    </Image>
    <Image Include="images\PlayersSelection\whiteMark.bmp">
      <Filter>Images\PlayersSelection</Filter>
    </Image>
    <Image Include="images\AISettings\1.bmp">
      <Filter>Images\AISettings</Filter>
    </Image>
    <Image Include="images\AISettings\1m.bmp">
      <Filter>Images\AISettings</Filter>
    </Image>
    <Image Include="images\AISettings\2.bmp">
      <Filter>Images\AISettings</Filter>
    </Image>
    <Image Include="images\AISettings\2m.bmp">
      <Filter>Images\AISettings</Filter>
    </Image>
    <Image Include="images\AISettings\3.bmp">
      <Filter>Images\AISettings</Filter>
    </Image>
    <Image Include="images\AISettings\3m.bmp">
      <Filter>Images\AISettings</Filter>
    </Image>
    <Image Include="images\AISettings\4.bmp">
      <Filter>Images\AISettings</Filter>
    </Image>
    <Image Include="images\AISettings\4m.bmp">
      <Filter>Images\AISettings</Filter>
    </Image>
    <Image Include="images\AISettings\best.bmp">
      <Filter>Images\AISettings</Filter>
    </Image>
    <Image Include="images\AISettings\bestm.bmp">
      <Filter>Images\AISettings</Filter>
    </Image>
    <Image Include="images\AISettings\gameDepth.bmp">
      <Filter>Images\AISettings</Filter>
    </Image>
    <Image Include="images\AISettings\userColor.bmp">
      <Filter>Images\AISettings</Filter>
    </Image>
    <Image Include="images\tools\black_bishop.bmp">
      <Filter>Images\tools</Filter>
    </Image>
    <Image Include="images\tools\black_gueen.bmp">
      <Filter>Images\tools</Filter>
    </Image>
    <Image Include="images\tools\black_king.bmp">
      <Filter>Images\tools</Filter>
    </Image>
    <Image Include="images\tools\black_knight.bmp">
      <Filter>Images\tools</Filter>
    </Image>
    <Image Include="images\tools\black_pawn.bmp">
      <Filter>Images\tools</Filter>
    </Image>
    <Image Include="images\tools\black_rook.bmp">
      <Filter>Images\tools</Filter>
    </Image>
    <Image Include="images\tools\white_bishop.bmp">
      <Filter>Images\tools</Filter>
    </Image>
    <Image Include="images\tools\white_king.bmp">
      <Filter>Images\tools</Filter>
    </Image>
    <Image Include="images\tools\white_knight.bmp">
      <Filter>Images\tools</Filter>
    </Image>
    <Image Include="images\tools\white_pawn.bmp">
      <Filter>Images\tools</Filter>
    </Image>
    <Image Include="images\tools\white_queen.bmp">
      <Filter>Images\tools</Filter>
    </Image>
    <Image Include="images\tools\white_rook.bmp">
      <Filter>Images\tools</Filter>
    </Image>
    <Image Include="images\PlayersSelection\gameMode.bmp">
      <Filter>Images\PlayersSelection</Filter>
    </Image>
    <Image Include="images\PlayersSelection\black.bmp">
      <Filter>Images\PlayersSelection</Filter>
    </Image>
    <Image Include="images\PlayersSelection\boardSettings.bmp">
      <Filter>Images\PlayersSelection</Filter>
    </Image>
    <Image Include="images\PlayersSelection\cancel.bmp">
      <Filter>Images\PlayersSelection</Filter>
    </Image>
    <Image Include="images\PlayersSelection\next.bmp">
      <Filter>Images\PlayersSelection</Filter>
    </Image>
    <Image Include="images\PlayersSelection\nextPlayer.bmp">
      <Filter>Images\PlayersSelection</Filter>
    </Image>
    <Image Include="images\PlayersSelection\playComp.bmp">
      <Filter>Images\PlayersSelection</Filter>
    </Image>
    <Image Include="images\PlayersSelection\twoplay.bmp">
      <Filter>Images\PlayersSelection</Filter>
    </Image>
    <Image Include="images\PlayersSelection\twoPlayers.bmp">
      <Filter>Images\PlayersSelection</Filter>
    </Image>
    <Image Include="images\PlayersSelection\white.bmp">
      <Filter>Images\PlayersSelection</Filter>
    </Image>
    <Image Include="images\tools\black_queen.bmp">
      <Filter>Images\tools</Filter>
    </Image>
    <Image Include="images\1.bmp">
      <Filter>Images</Filter>
    </Image>
    <Image Include="images\2.bmp">
      <Filter>Images</Filter>
    </Image>
    <Image Include="images\3.bmp">
      <Filter>Images</Filter>
    </Image>
    <Image Include="images\4.bmp">
      <Filter>Images</Filter>
    </Image>
    <Image Include="images\5.bmp">
      <Filter>Images</Filter>
    </Image>
    <Image Include="images\6.bmp">
      <Filter>Images</Filter>
    </Image>
    <Image Include="images\tools\empty.bmp">
      <Filter>Images</Filter>
    </Image>
    <Image Include="images\LoadGame.png">
      <Filter>Images</Filter>
    </Image>
    <Image Include="images\NewGame.png">
      <Filter>Images</Filter>
    </Image>
    <Image Include="images\Quit.png">
      <Filter>Images</Filter>
    </Image>
    <Image Include="images\slotNum.bmp">
      <Filter>Images</Filter>
    </Image>
    <Image Include="images\7.bmp">
      <Filter>Images</Filter>
    </Image>
    <Image Include="images\8.bmp">
      <Filter>Images</Filter>
    </Image>
    <Image Include="images\9.bmp">
      <Filter>Images</Filter>
    </Image>
    <Image Include="images\10.bmp">
      <Filter>Images</Filter>
    </Image>
    <Image Include="images\bestMove.bmp">
      <Filter>Images</Filter>
    </Image>
    <Image Include="images\check.bmp">
      <Filter>Images</Filter>
    </Image>
    <Image Include="images\grey.bmp">
      <Filter>Images</Filter>
    </Image>
    <Image Include="images\mate.bmp">
      <Filter>Images</Filter>
    </Image>
    <Image Include="images\slotNumSave.bmp">
      <Filter>Images</Filter>
    </Image>
    <Image Include="images\tie.bmp">
      <Filter>Images</Filter>
    </Image>
    <Image Include="images\trash.bmp">
      <Filter>Images</Filter>
    </Image>
    <Image Include="images\AISettings\button.bmp">
      <Filter>Images\AISettings</Filter>
    </Image>
    <Image Include="images\AISettings\clear.bmp">
      <Filter>Images\AISettings</Filter>
    </Image>
    <Image Include="images\AISettings\play.bmp">
      <Filter>Images\AISettings</Filter>
    </Image>
    <Image Include="images\AISettings\return.bmp">
      <Filter>Images\AISettings</Filter>
    </Image>
    <Image Include="images\AISettings\title.bmp">
      <Filter>Images\AISettings</Filter>
    </Image>
  </ItemGroup>
</Project>